
Microsoft Visual Studio Solution File, Format Version 12.00
# Visual Studio Version 16
VisualStudioVersion = 16.0.30011.22
MinimumVisualStudioVersion = 10.0.40219.1
Project("{8BC9CEB8-8B4A-11D0-8D11-00A0C91BC942}") = "ContagionSim", "ContagionSim\ContagionSim.vcxproj", "{58548143-35B3-4647-89CD-E8B5BC91D57F}"
EndProject
Global
	GlobalSection(SolutionConfigurationPlatforms) = preSolution
		Debug|x64 = Debug|x64
		Debug|x86 = Debug|x86
		Release|x64 = Release|x64
		Release|x86 = Release|x86
		Wasm|x64 = Wasm|x64
		Wasm|x86 = Wasm|x86
	EndGlobalSection
	GlobalSection(ProjectConfigurationPlatforms) = postSolution
		{58548143-35B3-4647-89CD-E8B5BC91D57F}.Debug|x64.ActiveCfg = Debug|x64
		{58548143-35B3-4647-89CD-E8B5BC91D57F}.Debug|x64.Build.0 = Debug|x64
		{58548143-35B3-4647-89CD-E8B5BC91D57F}.Debug|x86.ActiveCfg = Debug|Win32
		{58548143-35B3-4647-89CD-E8B5BC91D57F}.Debug|x86.Build.0 = Debug|Win32
		{58548143-35B3-4647-89CD-E8B5BC91D57F}.Release|x64.ActiveCfg = Release|x64
		{58548143-35B3-4647-89CD-E8B5BC91D57F}.Release|x64.Build.0 = Release|x64
		{58548143-35B3-4647-89CD-E8B5BC91D57F}.Release|x86.ActiveCfg = Release|Win32
		{58548143-35B3-4647-89CD-E8B5BC91D57F}.Release|x86.Build.0 = Release|Win32
		{58548143-35B3-4647-89CD-E8B5BC91D57F}.Wasm|x64.ActiveCfg = Wasm|x64
		{58548143-35B3-4647-89CD-E8B5BC91D57F}.Wasm|x64.Build.0 = Wasm|x64
		{58548143-35B3-4647-89CD-E8B5BC91D57F}.Wasm|x86.ActiveCfg = Wasm|Win32
		{58548143-35B3-4647-89CD-E8B5BC91D57F}.Wasm|x86.Build.0 = Wasm|Win32
	EndGlobalSection
	GlobalSection(SolutionProperties) = preSolution
		HideSolutionNode = FALSE
	EndGlobalSection
	GlobalSection(ExtensibilityGlobals) = postSolution
		SolutionGuid = {69816B23-1DE5-482C-ACD6-8677E785573E}
	EndGlobalSection
EndGlobal
