<?xml version="1.0" encoding="utf-8"?>
<Project ToolsVersion="4.0" xmlns="http://schemas.microsoft.com/developer/msbuild/2003">
  <ItemGroup>
    <Filter Include="Source Files">
      <UniqueIdentifier>{4FC737F1-C7A5-4376-A066-2A32D752A2FF}</UniqueIdentifier>
      <Extensions>cpp;c;cc;cxx;c++;def;odl;idl;hpj;bat;asm;asmx</Extensions>
    </Filter>
    <Filter Include="Header Files">
      <UniqueIdentifier>{93995380-89BD-4b04-88EB-625FBE52EBFB}</UniqueIdentifier>
      <Extensions>h;hh;hpp;hxx;h++;hm;inl;inc;ipp;xsd</Extensions>
    </Filter>
    <Filter Include="Resource Files">
      <UniqueIdentifier>{67DA6AB6-F800-4c08-8B7A-83BB121AAD01}</UniqueIdentifier>
      <Extensions>rc;ico;cur;bmp;dlg;rc2;rct;bin;rgs;gif;jpg;jpeg;jpe;resx;tiff;tif;png;wav;mfcribbon-ms</Extensions>
    </Filter>
    <Filter Include="Header Files\plugins">
      <UniqueIdentifier>{69b0c45a-76b7-49ad-9580-cdd217eeb1c1}</UniqueIdentifier>
    </Filter>
    <Filter Include="Header Files\plugins\movements">
      <UniqueIdentifier>{e117ff08-633a-4ea9-a16f-9c72435dcb82}</UniqueIdentifier>
    </Filter>
    <Filter Include="Header Files\plugins\collisions">
      <UniqueIdentifier>{fe6773c4-eadc-4da0-bf80-7cc7e0eaf1f5}</UniqueIdentifier>
    </Filter>
    <Filter Include="Source Files\plugins">
      <UniqueIdentifier>{58c366d5-6149-47c5-b46a-e8a1dcd99df2}</UniqueIdentifier>
    </Filter>
    <Filter Include="Source Files\plugins\movements">
      <UniqueIdentifier>{34314183-30dc-4f9c-acc1-f6b6cda488a3}</UniqueIdentifier>
    </Filter>
    <Filter Include="Source Files\plugins\collisions">
      <UniqueIdentifier>{bc0b4d7e-a461-47b1-8325-b6ad573132f7}</UniqueIdentifier>
    </Filter>
    <Filter Include="Source Files\plugins\diseases">
      <UniqueIdentifier>{d65d4c52-9d14-460e-93ef-fc05feb4ceed}</UniqueIdentifier>
    </Filter>
    <Filter Include="Header Files\plugins\diseases">
      <UniqueIdentifier>{a800eca6-e615-48a4-b7d7-09ea361957a1}</UniqueIdentifier>
    </Filter>
    <Filter Include="Header Files\utils">
      <UniqueIdentifier>{d2810b18-3080-4265-af66-62ed313d7870}</UniqueIdentifier>
    </Filter>
    <Filter Include="Resource Files\Params">
      <UniqueIdentifier>{795e34be-7105-4f01-9123-9981d1ceaf4e}</UniqueIdentifier>
    </Filter>
    <Filter Include="Header Files\gl">
      <UniqueIdentifier>{f0ec3a6b-76f3-457b-9f66-c0f83f45bc7c}</UniqueIdentifier>
    </Filter>
    <Filter Include="Source Files\gl">
      <UniqueIdentifier>{745f4370-bd18-44f8-a4b7-0542432a0273}</UniqueIdentifier>
    </Filter>
  </ItemGroup>
  <ItemGroup>
    <ClCompile Include="main.cpp">
      <Filter>Source Files</Filter>
    </ClCompile>
    <ClCompile Include="simulation.cpp">
      <Filter>Source Files</Filter>
    </ClCompile>
    <ClCompile Include="simpleMovement.cpp">
      <Filter>Source Files\plugins\movements</Filter>
    </ClCompile>
    <ClCompile Include="simpleCollision.cpp">
      <Filter>Source Files\plugins\collisions</Filter>
    </ClCompile>
    <ClCompile Include="collision.cpp">
      <Filter>Source Files\plugins</Filter>
    </ClCompile>
    <ClCompile Include="movement.cpp">
      <Filter>Source Files\plugins</Filter>
    </ClCompile>
    <ClCompile Include="disease.cpp">
      <Filter>Source Files\plugins</Filter>
    </ClCompile>
    <ClCompile Include="simpleDisease.cpp">
      <Filter>Source Files\plugins\diseases</Filter>
    </ClCompile>
    <ClCompile Include="log.cpp">
      <Filter>Source Files</Filter>
    </ClCompile>
    <ClCompile Include="gridCollision.cpp">
      <Filter>Source Files\plugins\collisions</Filter>
    </ClCompile>
    <ClCompile Include="hospitalDisease.cpp">
      <Filter>Source Files\plugins\diseases</Filter>
    </ClCompile>
    <ClCompile Include="run.cpp">
      <Filter>Source Files</Filter>
    </ClCompile>
    <ClCompile Include="window.cpp">
      <Filter>Source Files\gl</Filter>
    </ClCompile>
    <ClCompile Include="arenaRenderer.cpp">
      <Filter>Source Files\gl</Filter>
    </ClCompile>
  </ItemGroup>
  <ItemGroup>
    <ClInclude Include="simulation.h">
      <Filter>Header Files</Filter>
    </ClInclude>
    <ClInclude Include="agent.h">
      <Filter>Header Files</Filter>
    </ClInclude>
    <ClInclude Include="random.h">
      <Filter>Header Files</Filter>
    </ClInclude>
    <ClInclude Include="glviewer.h">
      <Filter>Header Files</Filter>
    </ClInclude>
    <ClInclude Include="resource.h">
      <Filter>Header Files</Filter>
    </ClInclude>
    <ClInclude Include="simpleMovement.h">
      <Filter>Header Files\plugins\movements</Filter>
    </ClInclude>
    <ClInclude Include="simpleCollision.h">
      <Filter>Header Files\plugins\collisions</Filter>
    </ClInclude>
    <ClInclude Include="movement.h">
      <Filter>Header Files\plugins</Filter>
    </ClInclude>
    <ClInclude Include="collision.h">
      <Filter>Header Files\plugins</Filter>
    </ClInclude>
    <ClInclude Include="factory.h">
      <Filter>Header Files\utils</Filter>
    </ClInclude>
    <ClInclude Include="param.h">
      <Filter>Header Files\utils</Filter>
    </ClInclude>
    <ClInclude Include="disease.h">
      <Filter>Header Files\plugins</Filter>
    </ClInclude>
    <ClInclude Include="simpleDisease.h">
      <Filter>Header Files\plugins\diseases</Filter>
    </ClInclude>
    <ClInclude Include="contagion.h">
      <Filter>Header Files</Filter>
    </ClInclude>
    <ClInclude Include="gridCollision.h">
      <Filter>Header Files\plugins\collisions</Filter>
    </ClInclude>
    <ClInclude Include="hospitalDisease.h">
      <Filter>Header Files\plugins\diseases</Filter>
    </ClInclude>
    <ClInclude Include="plugin.h">
      <Filter>Header Files\utils</Filter>
    </ClInclude>
    <ClInclude Include="paramFile.h">
      <Filter>Header Files\utils</Filter>
    </ClInclude>
    <ClInclude Include="log.h">
      <Filter>Header Files\utils</Filter>
    </ClInclude>
    <ClInclude Include="run.h">
      <Filter>Header Files</Filter>
    </ClInclude>
    <ClInclude Include="renderer.h">
      <Filter>Header Files\gl</Filter>
    </ClInclude>
    <ClInclude Include="window.h">
      <Filter>Header Files\gl</Filter>
    </ClInclude>
    <ClInclude Include="chartRenderer.h">
      <Filter>Header Files\gl</Filter>
    </ClInclude>
    <ClInclude Include="arenaRenderer.h">
      <Filter>Header Files\gl</Filter>
    </ClInclude>
  </ItemGroup>
  <ItemGroup>
    <ResourceCompile Include="ContagionSim.rc">
      <Filter>Resource Files</Filter>
    </ResourceCompile>
  </ItemGroup>
  <ItemGroup>
    <None Include="params\contagion.params">
      <Filter>Resource Files\Params</Filter>
    </None>
    <None Include="wasm_build.bat">
      <Filter>Resource Files</Filter>
    </None>
    <None Include="wasm_upload.bat">
      <Filter>Resource Files</Filter>
    </None>
    <None Include="wasmMain.cpp">
      <Filter>Source Files</Filter>
    </None>
  </ItemGroup>
  <ItemGroup>
    <Text Include="ftp.cmds">
      <Filter>Resource Files</Filter>
    </Text>
  </ItemGroup>
</Project>